PODS:
  - Alamofire (5.2.0)
  - IQKeyboardManager (6.5.5)
  - SDWebImage (5.6.1):
    - SDWebImage/Core (= 5.6.1)
  - SDWebImage/Core (5.6.1)

DEPENDENCIES:
  - Alamofire
  - IQKeyboardManager
  - SDWebImage

SPEC REPOS:
  trunk:
    - Alamofire
    - IQKeyboardManager
    - SDWebImage

SPEC CHECKSUMS:
  Alamofire: c1ca147559e730bfb2182c8c7aafbdd90a867987
  IQKeyboardManager: 3a8b9e603f8b0eeaf5f096a1f2b2cfcf121992ef
  SDWebImage: 7edb9c3ea661e77a66661f7f044de8c1b55d1120

PODFILE CHECKSUM: 828ca9eabd3c7dce2f1de2c66c8b1c0c03c581d5

COCOAPODS: 1.8.4
